
Microsoft Visual Studio Solution File, Format Version 12.00
# Visual Studio Version 16
VisualStudioVersion = 16.0.30517.126
MinimumVisualStudioVersion = 10.0.40219.1
Project("{FAE04EC0-301F-11D3-BF4B-00C04F79EFBC}") = "flappybirds", "flappybirds\flappybirds.csproj", "{F78A03EC-EACD-418A-9356-B17BA4524C54}"
EndProject
Global
	GlobalSection(SolutionConfigurationPlatforms) = preSolution
		Debug|Any CPU = Debug|Any CPU
		Release|Any CPU = Release|Any CPU
	EndGlobalSection
	GlobalSection(ProjectConfigurationPlatforms) = postSolution
		{F78A03EC-EACD-418A-9356-B17BA4524C54}.Debug|Any CPU.ActiveCfg = Debug|Any CPU
		{F78A03EC-EACD-418A-9356-B17BA4524C54}.Debug|Any CPU.Build.0 = Debug|Any CPU
		{F78A03EC-EACD-418A-9356-B17BA4524C54}.Release|Any CPU.ActiveCfg = Release|Any CPU
		{F78A03EC-EACD-418A-9356-B17BA4524C54}.Release|Any CPU.Build.0 = Release|Any CPU
	EndGlobalSection
	GlobalSection(SolutionProperties) = preSolution
		HideSolutionNode = FALSE
	EndGlobalSection
	GlobalSection(ExtensibilityGlobals) = postSolution
		SolutionGuid = {78432792-7F0F-491A-BA1F-4EBC2D0D5C8E}
	EndGlobalSection
EndGlobal
